
Microsoft Visual Studio Solution File, Format Version 12.00
# Visual Studio Version 17
VisualStudioVersion = 17.0.31903.59
MinimumVisualStudioVersion = 10.0.40219.1
Project("{FAE04EC0-301F-11D3-BF4B-00C04F79EFBC}") = "ProductService", "ProductService\ProductService.csproj", "{472DB4F1-39B8-41F2-B0F0-79E33AAB4727}"
EndProject
Project("{FAE04EC0-301F-11D3-BF4B-00C04F79EFBC}") = "ApiGateway", "ApiGateway\ApiGateway.csproj", "{CC887783-321A-4BA1-8284-3650349B6397}"
EndProject
Project("{FAE04EC0-301F-11D3-BF4B-00C04F79EFBC}") = "IdentityService", "IdentityService\IdentityService.csproj", "{03F49A94-6504-4E1B-9B1B-685C8FCAEBFF}"
EndProject
Global
	GlobalSection(SolutionConfigurationPlatforms) = preSolution
		Debug|Any CPU = Debug|Any CPU
		Debug|x64 = Debug|x64
		Debug|x86 = Debug|x86
		Release|Any CPU = Release|Any CPU
		Release|x64 = Release|x64
		Release|x86 = Release|x86
	EndGlobalSection
	GlobalSection(ProjectConfigurationPlatforms) = postSolution
		{472DB4F1-39B8-41F2-B0F0-79E33AAB4727}.Debug|Any CPU.ActiveCfg = Debug|Any CPU
		{472DB4F1-39B8-41F2-B0F0-79E33AAB4727}.Debug|Any CPU.Build.0 = Debug|Any CPU
		{472DB4F1-39B8-41F2-B0F0-79E33AAB4727}.Debug|x64.ActiveCfg = Debug|Any CPU
		{472DB4F1-39B8-41F2-B0F0-79E33AAB4727}.Debug|x64.Build.0 = Debug|Any CPU
		{472DB4F1-39B8-41F2-B0F0-79E33AAB4727}.Debug|x86.ActiveCfg = Debug|Any CPU
		{472DB4F1-39B8-41F2-B0F0-79E33AAB4727}.Debug|x86.Build.0 = Debug|Any CPU
		{472DB4F1-39B8-41F2-B0F0-79E33AAB4727}.Release|Any CPU.ActiveCfg = Release|Any CPU
		{472DB4F1-39B8-41F2-B0F0-79E33AAB4727}.Release|Any CPU.Build.0 = Release|Any CPU
		{472DB4F1-39B8-41F2-B0F0-79E33AAB4727}.Release|x64.ActiveCfg = Release|Any CPU
		{472DB4F1-39B8-41F2-B0F0-79E33AAB4727}.Release|x64.Build.0 = Release|Any CPU
		{472DB4F1-39B8-41F2-B0F0-79E33AAB4727}.Release|x86.ActiveCfg = Release|Any CPU
		{472DB4F1-39B8-41F2-B0F0-79E33AAB4727}.Release|x86.Build.0 = Release|Any CPU
		{CC887783-321A-4BA1-8284-3650349B6397}.Debug|Any CPU.ActiveCfg = Debug|Any CPU
		{CC887783-321A-4BA1-8284-3650349B6397}.Debug|Any CPU.Build.0 = Debug|Any CPU
		{CC887783-321A-4BA1-8284-3650349B6397}.Debug|x64.ActiveCfg = Debug|Any CPU
		{CC887783-321A-4BA1-8284-3650349B6397}.Debug|x64.Build.0 = Debug|Any CPU
		{CC887783-321A-4BA1-8284-3650349B6397}.Debug|x86.ActiveCfg = Debug|Any CPU
		{CC887783-321A-4BA1-8284-3650349B6397}.Debug|x86.Build.0 = Debug|Any CPU
		{CC887783-321A-4BA1-8284-3650349B6397}.Release|Any CPU.ActiveCfg = Release|Any CPU
		{CC887783-321A-4BA1-8284-3650349B6397}.Release|Any CPU.Build.0 = Release|Any CPU
		{CC887783-321A-4BA1-8284-3650349B6397}.Release|x64.ActiveCfg = Release|Any CPU
		{CC887783-321A-4BA1-8284-3650349B6397}.Release|x64.Build.0 = Release|Any CPU
		{CC887783-321A-4BA1-8284-3650349B6397}.Release|x86.ActiveCfg = Release|Any CPU
		{CC887783-321A-4BA1-8284-3650349B6397}.Release|x86.Build.0 = Release|Any CPU
		{03F49A94-6504-4E1B-9B1B-685C8FCAEBFF}.Debug|Any CPU.ActiveCfg = Debug|Any CPU
		{03F49A94-6504-4E1B-9B1B-685C8FCAEBFF}.Debug|Any CPU.Build.0 = Debug|Any CPU
		{03F49A94-6504-4E1B-9B1B-685C8FCAEBFF}.Debug|x64.ActiveCfg = Debug|Any CPU
		{03F49A94-6504-4E1B-9B1B-685C8FCAEBFF}.Debug|x64.Build.0 = Debug|Any CPU
		{03F49A94-6504-4E1B-9B1B-685C8FCAEBFF}.Debug|x86.ActiveCfg = Debug|Any CPU
		{03F49A94-6504-4E1B-9B1B-685C8FCAEBFF}.Debug|x86.Build.0 = Debug|Any CPU
		{03F49A94-6504-4E1B-9B1B-685C8FCAEBFF}.Release|Any CPU.ActiveCfg = Release|Any CPU
		{03F49A94-6504-4E1B-9B1B-685C8FCAEBFF}.Release|Any CPU.Build.0 = Release|Any CPU
		{03F49A94-6504-4E1B-9B1B-685C8FCAEBFF}.Release|x64.ActiveCfg = Release|Any CPU
		{03F49A94-6504-4E1B-9B1B-685C8FCAEBFF}.Release|x64.Build.0 = Release|Any CPU
		{03F49A94-6504-4E1B-9B1B-685C8FCAEBFF}.Release|x86.ActiveCfg = Release|Any CPU
		{03F49A94-6504-4E1B-9B1B-685C8FCAEBFF}.Release|x86.Build.0 = Release|Any CPU
	EndGlobalSection
	GlobalSection(SolutionProperties) = preSolution
		HideSolutionNode = FALSE
	EndGlobalSection
EndGlobal
